
Microsoft Visual Studio Solution File, Format Version 12.00
# Visual Studio Version 17
VisualStudioVersion = 17.0.31717.71
MinimumVisualStudioVersion = 10.0.40219.1
Project("{FAE04EC0-301F-11D3-BF4B-00C04F79EFBC}") = "Alibabooow.Api", "src\Api\Alibabooow.Api.csproj", "{68672724-2722-4D15-8FE5-C00CC45B5E11}"
EndProject
Global
	GlobalSection(SolutionConfigurationPlatforms) = preSolution
		Debug|Any CPU = Debug|Any CPU
		Release|Any CPU = Release|Any CPU
	EndGlobalSection
	GlobalSection(ProjectConfigurationPlatforms) = postSolution
		{68672724-2722-4D15-8FE5-C00CC45B5E11}.Debug|Any CPU.ActiveCfg = Debug|Any CPU
		{68672724-2722-4D15-8FE5-C00CC45B5E11}.Debug|Any CPU.Build.0 = Debug|Any CPU
		{68672724-2722-4D15-8FE5-C00CC45B5E11}.Release|Any CPU.ActiveCfg = Release|Any CPU
		{68672724-2722-4D15-8FE5-C00CC45B5E11}.Release|Any CPU.Build.0 = Release|Any CPU
	EndGlobalSection
	GlobalSection(SolutionProperties) = preSolution
		HideSolutionNode = FALSE
	EndGlobalSection
	GlobalSection(ExtensibilityGlobals) = postSolution
		SolutionGuid = {A0395E30-AE2C-4764-936B-C51426178029}
	EndGlobalSection
EndGlobal
